
Microsoft Visual Studio Solution File, Format Version 12.00
# Visual Studio Version 17
VisualStudioVersion = 17.5.002.0
MinimumVisualStudioVersion = 10.0.40219.1
Project("{9A19103F-16F7-4668-BE54-9A1E7A4F7556}") = "GrpcServiceExample", "GrpcServiceExample\GrpcServiceExample.csproj", "{1C3BEDDD-5B24-4789-BC27-A6B1217C75FF}"
EndProject
Global
	GlobalSection(SolutionConfigurationPlatforms) = preSolution
		Debug|Any CPU = Debug|Any CPU
		Release|Any CPU = Release|Any CPU
	EndGlobalSection
	GlobalSection(ProjectConfigurationPlatforms) = postSolution
		{1C3BEDDD-5B24-4789-BC27-A6B1217C75FF}.Debug|Any CPU.ActiveCfg = Debug|Any CPU
		{1C3BEDDD-5B24-4789-BC27-A6B1217C75FF}.Debug|Any CPU.Build.0 = Debug|Any CPU
		{1C3BEDDD-5B24-4789-BC27-A6B1217C75FF}.Release|Any CPU.ActiveCfg = Release|Any CPU
		{1C3BEDDD-5B24-4789-BC27-A6B1217C75FF}.Release|Any CPU.Build.0 = Release|Any CPU
	EndGlobalSection
	GlobalSection(SolutionProperties) = preSolution
		HideSolutionNode = FALSE
	EndGlobalSection
	GlobalSection(ExtensibilityGlobals) = postSolution
		SolutionGuid = {A6E036F8-65B4-4B3E-BC58-5750A23ABE33}
	EndGlobalSection
EndGlobal
